{
  "lockfileVersion": 1,
  "workspaces": {
    "": {
      "name": "typesec",
      "devDependencies": {
        "@types/bun": "^1.2.19",
        "prettier": "3.6.2",
        "typescript": "^5.8.3",
      },
    },
    "packages/cli": {
      "name": "@typesec/cli",
      "version": "0.1.0",
      "bin": {
        "typesec-cli": "bin",
      },
      "dependencies": {
        "@commander-js/extra-typings": "^14.0.0",
        "@types/bun": "^1.2.19",
        "@typesec/core": "workspace:*",
        "@typesec/the": "workspace:*",
        "@typesec/tracer": "workspace:*",
        "@typesec/unit": "workspace:*",
        "commander": "^14.0.0",
        "radash": "^12.1.1",
      },
    },
    "packages/core": {
      "name": "@typesec/core",
      "version": "0.1.0",
      "dependencies": {
        "@types/bun": "^1.2.19",
        "@typesec/the": "workspace:*",
        "@typesec/tracer": "workspace:*",
        "radash": "^12.1.1",
      },
    },
    "packages/graph": {
      "name": "@typesec/graph",
      "version": "0.1.0",
      "dependencies": {
        "@types/bun": "latest",
        "@typesec/core": "workspace:*",
        "@typesec/the": "workspace:*",
        "@typesec/tracer": "workspace:*",
      },
    },
    "packages/serve": {
      "name": "@typesec/serve",
      "version": "0.1.0",
      "dependencies": {
        "@types/bun": "^1.2.19",
        "@typesec/core": "workspace:*",
        "@typesec/the": "workspace:*",
        "@typesec/tracer": "workspace:*",
        "@typesec/unit": "workspace:*",
        "valibot": "^1.1.0",
      },
    },
    "packages/spec": {
      "name": "@typesec/spec",
      "version": "0.1.0",
      "dependencies": {
        "@typesec/the": "workspace:*",
      },
    },
    "packages/specc": {
      "name": "@typesec/specc",
      "version": "0.1.0",
      "bin": "bin",
      "dependencies": {
        "@commander-js/extra-typings": "^13.0.0",
        "@types/bun": "^1.2.4",
        "@typesec/core": "workspace:*",
        "@typesec/spec": "workspace:*",
        "@typesec/specd": "workspace:*",
        "@typesec/the": "workspace:*",
        "@typesec/tracer": "workspace:*",
        "commander": "^13.0.0",
        "radash": "^12.1.0",
      },
    },
    "packages/specd": {
      "name": "@typesec/specd",
      "version": "0.1.0",
      "dependencies": {
        "@types/bun": "^1.2.4",
        "@typesec/core": "workspace:*",
        "@typesec/spec": "workspace:*",
        "@typesec/the": "workspace:*",
        "@typesec/tracer": "workspace:*",
        "radash": "^12.1.0",
      },
    },
    "packages/the": {
      "name": "@typesec/the",
      "version": "0.1.0",
    },
    "packages/tracer": {
      "name": "@typesec/tracer",
      "version": "0.1.0",
      "dependencies": {
        "@types/bun": "^1.2.19",
        "@types/chalk": "^2.2.4",
        "@typesec/the": "workspace:*",
        "@typesec/tracer": "workspace:*",
        "chalk": "^5.4.1",
        "radash": "^12.1.1",
      },
    },
    "packages/unit": {
      "name": "@typesec/unit",
      "version": "0.1.0",
      "dependencies": {
        "@types/bun": "^1.2.19",
        "@typesec/the": "workspace:*",
        "@typesec/tracer": "workspace:*",
        "radash": "^12.1.1",
      },
    },
    "packages/util": {
      "name": "@typesec/util",
      "version": "0.1.0",
      "dependencies": {
        "@types/bun": "^1.2.19",
        "@typesec/core": "workspace:*",
        "@typesec/the": "workspace:*",
        "@typesec/tracer": "workspace:*",
        "radash": "^12.1.1",
      },
    },
  },
  "packages": {
    "@commander-js/extra-typings": ["@commander-js/extra-typings@14.0.0", "", { "peerDependencies": { "commander": "~14.0.0" } }, "sha512-hIn0ncNaJRLkZrxBIp5AsW/eXEHNKYQBh0aPdoUqNgD+Io3NIykQqpKFyKcuasZhicGaEZJX/JBSIkZ4e5x8Dg=="],

    "@types/bun": ["@types/bun@1.2.19", "", { "dependencies": { "bun-types": "1.2.19" } }, "sha512-d9ZCmrH3CJ2uYKXQIUuZ/pUnTqIvLDS0SK7pFmbx8ma+ziH/FRMoAq5bYpRG7y+w1gl+HgyNZbtqgMq4W4e2Lg=="],

    "@types/chalk": ["@types/chalk@2.2.4", "", { "dependencies": { "chalk": "*" } }, "sha512-pb/QoGqtCpH2famSp72qEsXkNzcErlVmiXlQ/ww+5AddD8TmmYS7EWg5T20YiNCAiTgs8pMf2G8SJG5h/ER1ZQ=="],

    "@types/node": ["@types/node@22.13.17", "", { "dependencies": { "undici-types": "~6.20.0" } }, "sha512-nAJuQXoyPj04uLgu+obZcSmsfOenUg6DxPKogeUy6yNCFwWaj5sBF8/G/pNo8EtBJjAfSVgfIlugR/BCOleO+g=="],

    "@types/react": ["@types/react@19.1.8", "", { "dependencies": { "csstype": "^3.0.2" } }, "sha512-AwAfQ2Wa5bCx9WP8nZL2uMZWod7J7/JSplxbTmBQ5ms6QpqNYm672H0Vu9ZVKVngQ+ii4R/byguVEUZQyeg44g=="],

    "@typesec/cli": ["@typesec/cli@workspace:packages/cli"],

    "@typesec/core": ["@typesec/core@workspace:packages/core"],

    "@typesec/graph": ["@typesec/graph@workspace:packages/graph"],

    "@typesec/serve": ["@typesec/serve@workspace:packages/serve"],

    "@typesec/spec": ["@typesec/spec@workspace:packages/spec"],

    "@typesec/specc": ["@typesec/specc@workspace:packages/specc"],

    "@typesec/specd": ["@typesec/specd@workspace:packages/specd"],

    "@typesec/the": ["@typesec/the@workspace:packages/the"],

    "@typesec/tracer": ["@typesec/tracer@workspace:packages/tracer"],

    "@typesec/unit": ["@typesec/unit@workspace:packages/unit"],

    "@typesec/util": ["@typesec/util@workspace:packages/util"],

    "bun-types": ["bun-types@1.2.19", "", { "dependencies": { "@types/node": "*" }, "peerDependencies": { "@types/react": "^19" } }, "sha512-uAOTaZSPuYsWIXRpj7o56Let0g/wjihKCkeRqUBhlLVM/Bt+Fj9xTo+LhC1OV1XDaGkz4hNC80et5xgy+9KTHQ=="],

    "chalk": ["chalk@5.4.1", "", {}, "sha512-zgVZuo2WcZgfUEmsn6eO3kINexW8RAE4maiQ8QNs8CtpPCSyMiYsULR3HQYkm3w8FIA3SberyMJMSldGsW+U3w=="],

    "commander": ["commander@14.0.0", "", {}, "sha512-2uM9rYjPvyq39NwLRqaiLtWHyDC1FvryJDa2ATTVims5YAS4PupsEQsDvP14FqhFr0P49CYDugi59xaxJlTXRA=="],

    "csstype": ["csstype@3.1.3", "", {}, "sha512-M1uQkMl8rQK/szD0LNhtqxIPLpimGm8sOBwU7lLnCpSbTyY3yeU1Vc7l4KT5zT4s/yOxHH5O7tIuuLOCnLADRw=="],

    "prettier": ["prettier@3.6.2", "", { "bin": { "prettier": "bin/prettier.cjs" } }, "sha512-I7AIg5boAr5R0FFtJ6rCfD+LFsWHp81dolrFD8S79U9tb8Az2nGrJncnMSnys+bpQJfRUzqs9hnA81OAA3hCuQ=="],

    "radash": ["radash@12.1.1", "", {}, "sha512-h36JMxKRqrAxVD8201FrCpyeNuUY9Y5zZwujr20fFO77tpUtGa6EZzfKw/3WaiBX95fq7+MpsuMLNdSnORAwSA=="],

    "typescript": ["typescript@5.8.3", "", { "bin": { "tsc": "bin/tsc", "tsserver": "bin/tsserver" } }, "sha512-p1diW6TqL9L07nNxvRMM7hMMw4c5XOo/1ibL4aAIGmSAt9slTE1Xgw5KWuof2uTOvCg9BY7ZRi+GaF+7sfgPeQ=="],

    "undici-types": ["undici-types@6.20.0", "", {}, "sha512-Ny6QZ2Nju20vw1SRHe3d9jVu6gJ+4e3+MMpqu7pqE5HT6WsTSlce++GQmK5UXS8mzV8DSYHrQH+Xrf2jVcuKNg=="],

    "valibot": ["valibot@1.1.0", "", { "peerDependencies": { "typescript": ">=5" }, "optionalPeers": ["typescript"] }, "sha512-Nk8lX30Qhu+9txPYTwM0cFlWLdPFsFr6LblzqIySfbZph9+BFsAHsNvHOymEviUepeIW6KFHzpX8TKhbptBXXw=="],

    "@typesec/specc/@commander-js/extra-typings": ["@commander-js/extra-typings@13.1.0", "", { "peerDependencies": { "commander": "~13.1.0" } }, "sha512-q5P52BYb1hwVWE6dtID7VvuJWrlfbCv4klj7BjUUOqMz4jbSZD4C9fJ9lRjL2jnBGTg+gDDlaXN51rkWcLk4fg=="],

    "@typesec/specc/commander": ["commander@13.1.0", "", {}, "sha512-/rFeCpNJQbhSZjGVwO9RFV3xPqbnERS8MmIQzCtD/zl6gpJuV/bMLuN92oG3F7d8oDEHHRrujSXNUr8fpjntKw=="],
  }
}
