{
  "lockfileVersion": 1,
  "workspaces": {
    "": {
      "name": "typesec",
      "dependencies": {
        "@types/bun": "latest",
      },
      "devDependencies": {
        "prettier": "latest",
        "rimraf": "latest",
        "tsx": "latest",
        "typescript": "latest",
      },
    },
    "packages/cli": {
      "name": "@typesec/cli",
      "version": "0.1.0",
      "bin": {
        "typesec-cli": "bin",
      },
      "dependencies": {
        "@commander-js/extra-typings": "^13.0.0",
        "@types/bun": "^1.2.4",
        "@typesec/core": "workspace:*",
        "@typesec/the": "workspace:*",
        "@typesec/tracer": "workspace:*",
        "@typesec/unit": "workspace:*",
        "commander": "^13.0.0",
      },
    },
    "packages/core": {
      "name": "@typesec/core",
      "version": "0.1.0",
      "dependencies": {
        "@types/bun": "^1.2.4",
        "@typesec/the": "workspace:*",
        "@typesec/tracer": "workspace:*",
        "radash": "^12.1.0",
      },
    },
    "packages/serve": {
      "name": "@typesec/serve",
      "version": "0.1.0",
      "dependencies": {
        "@types/bun": "^1.2.4",
        "@typesec/core": "workspace:*",
        "@typesec/the": "workspace:*",
        "@typesec/tracer": "workspace:*",
        "@typesec/unit": "workspace:*",
        "valibot": "^1.0.0-rc.4",
      },
    },
    "packages/spec": {
      "name": "@typesec/spec",
      "version": "0.1.0",
      "dependencies": {
        "@typesec/the": "workspace:*",
      },
    },
    "packages/specc": {
      "name": "@typesec/specc",
      "version": "0.1.0",
      "bin": "bin",
      "dependencies": {
        "@commander-js/extra-typings": "^13.0.0",
        "@types/bun": "^1.2.4",
        "@typesec/core": "workspace:*",
        "@typesec/spec": "workspace:*",
        "@typesec/specd": "workspace:*",
        "@typesec/the": "workspace:*",
        "@typesec/tracer": "workspace:*",
        "commander": "^13.0.0",
        "radash": "^12.1.0",
      },
    },
    "packages/specd": {
      "name": "@typesec/specd",
      "version": "0.1.0",
      "dependencies": {
        "@types/bun": "^1.2.4",
        "@typesec/core": "workspace:*",
        "@typesec/spec": "workspace:*",
        "@typesec/the": "workspace:*",
        "@typesec/tracer": "workspace:*",
        "radash": "^12.1.0",
      },
    },
    "packages/the": {
      "name": "@typesec/the",
      "version": "0.1.0",
    },
    "packages/tracer": {
      "name": "@typesec/tracer",
      "version": "0.1.0",
      "dependencies": {
        "@types/bun": "^1.2.4",
        "@types/chalk": "^2.2.4",
        "@typesec/the": "workspace:*",
        "@typesec/tracer": "workspace:*",
        "chalk": "^5.4.1",
        "radash": "^12.1.0",
      },
    },
    "packages/unit": {
      "name": "@typesec/unit",
      "version": "0.1.0",
      "bin": "bin",
      "dependencies": {
        "@types/bun": "^1.2.4",
        "@typesec/the": "workspace:*",
        "@typesec/tracer": "workspace:*",
        "radash": "^12.1.0",
      },
    },
  },
  "overrides": {
    "bun-types": "canary",
  },
  "packages": {
    "@commander-js/extra-typings": ["@commander-js/extra-typings@13.1.0", "", { "peerDependencies": { "commander": "~13.1.0" } }, "sha512-q5P52BYb1hwVWE6dtID7VvuJWrlfbCv4klj7BjUUOqMz4jbSZD4C9fJ9lRjL2jnBGTg+gDDlaXN51rkWcLk4fg=="],

    "@esbuild/aix-ppc64": ["@esbuild/aix-ppc64@0.25.2", "", { "os": "aix", "cpu": "ppc64" }, "sha512-wCIboOL2yXZym2cgm6mlA742s9QeJ8DjGVaL39dLN4rRwrOgOyYSnOaFPhKZGLb2ngj4EyfAFjsNJwPXZvseag=="],

    "@esbuild/android-arm": ["@esbuild/android-arm@0.25.2", "", { "os": "android", "cpu": "arm" }, "sha512-NQhH7jFstVY5x8CKbcfa166GoV0EFkaPkCKBQkdPJFvo5u+nGXLEH/ooniLb3QI8Fk58YAx7nsPLozUWfCBOJA=="],

    "@esbuild/android-arm64": ["@esbuild/android-arm64@0.25.2", "", { "os": "android", "cpu": "arm64" }, "sha512-5ZAX5xOmTligeBaeNEPnPaeEuah53Id2tX4c2CVP3JaROTH+j4fnfHCkr1PjXMd78hMst+TlkfKcW/DlTq0i4w=="],

    "@esbuild/android-x64": ["@esbuild/android-x64@0.25.2", "", { "os": "android", "cpu": "x64" }, "sha512-Ffcx+nnma8Sge4jzddPHCZVRvIfQ0kMsUsCMcJRHkGJ1cDmhe4SsrYIjLUKn1xpHZybmOqCWwB0zQvsjdEHtkg=="],

    "@esbuild/darwin-arm64": ["@esbuild/darwin-arm64@0.25.2", "", { "os": "darwin", "cpu": "arm64" }, "sha512-MpM6LUVTXAzOvN4KbjzU/q5smzryuoNjlriAIx+06RpecwCkL9JpenNzpKd2YMzLJFOdPqBpuub6eVRP5IgiSA=="],

    "@esbuild/darwin-x64": ["@esbuild/darwin-x64@0.25.2", "", { "os": "darwin", "cpu": "x64" }, "sha512-5eRPrTX7wFyuWe8FqEFPG2cU0+butQQVNcT4sVipqjLYQjjh8a8+vUTfgBKM88ObB85ahsnTwF7PSIt6PG+QkA=="],

    "@esbuild/freebsd-arm64": ["@esbuild/freebsd-arm64@0.25.2", "", { "os": "freebsd", "cpu": "arm64" }, "sha512-mLwm4vXKiQ2UTSX4+ImyiPdiHjiZhIaE9QvC7sw0tZ6HoNMjYAqQpGyui5VRIi5sGd+uWq940gdCbY3VLvsO1w=="],

    "@esbuild/freebsd-x64": ["@esbuild/freebsd-x64@0.25.2", "", { "os": "freebsd", "cpu": "x64" }, "sha512-6qyyn6TjayJSwGpm8J9QYYGQcRgc90nmfdUb0O7pp1s4lTY+9D0H9O02v5JqGApUyiHOtkz6+1hZNvNtEhbwRQ=="],

    "@esbuild/linux-arm": ["@esbuild/linux-arm@0.25.2", "", { "os": "linux", "cpu": "arm" }, "sha512-UHBRgJcmjJv5oeQF8EpTRZs/1knq6loLxTsjc3nxO9eXAPDLcWW55flrMVc97qFPbmZP31ta1AZVUKQzKTzb0g=="],

    "@esbuild/linux-arm64": ["@esbuild/linux-arm64@0.25.2", "", { "os": "linux", "cpu": "arm64" }, "sha512-gq/sjLsOyMT19I8obBISvhoYiZIAaGF8JpeXu1u8yPv8BE5HlWYobmlsfijFIZ9hIVGYkbdFhEqC0NvM4kNO0g=="],

    "@esbuild/linux-ia32": ["@esbuild/linux-ia32@0.25.2", "", { "os": "linux", "cpu": "ia32" }, "sha512-bBYCv9obgW2cBP+2ZWfjYTU+f5cxRoGGQ5SeDbYdFCAZpYWrfjjfYwvUpP8MlKbP0nwZ5gyOU/0aUzZ5HWPuvQ=="],

    "@esbuild/linux-loong64": ["@esbuild/linux-loong64@0.25.2", "", { "os": "linux", "cpu": "none" }, "sha512-SHNGiKtvnU2dBlM5D8CXRFdd+6etgZ9dXfaPCeJtz+37PIUlixvlIhI23L5khKXs3DIzAn9V8v+qb1TRKrgT5w=="],

    "@esbuild/linux-mips64el": ["@esbuild/linux-mips64el@0.25.2", "", { "os": "linux", "cpu": "none" }, "sha512-hDDRlzE6rPeoj+5fsADqdUZl1OzqDYow4TB4Y/3PlKBD0ph1e6uPHzIQcv2Z65u2K0kpeByIyAjCmjn1hJgG0Q=="],

    "@esbuild/linux-ppc64": ["@esbuild/linux-ppc64@0.25.2", "", { "os": "linux", "cpu": "ppc64" }, "sha512-tsHu2RRSWzipmUi9UBDEzc0nLc4HtpZEI5Ba+Omms5456x5WaNuiG3u7xh5AO6sipnJ9r4cRWQB2tUjPyIkc6g=="],

    "@esbuild/linux-riscv64": ["@esbuild/linux-riscv64@0.25.2", "", { "os": "linux", "cpu": "none" }, "sha512-k4LtpgV7NJQOml/10uPU0s4SAXGnowi5qBSjaLWMojNCUICNu7TshqHLAEbkBdAszL5TabfvQ48kK84hyFzjnw=="],

    "@esbuild/linux-s390x": ["@esbuild/linux-s390x@0.25.2", "", { "os": "linux", "cpu": "s390x" }, "sha512-GRa4IshOdvKY7M/rDpRR3gkiTNp34M0eLTaC1a08gNrh4u488aPhuZOCpkF6+2wl3zAN7L7XIpOFBhnaE3/Q8Q=="],

    "@esbuild/linux-x64": ["@esbuild/linux-x64@0.25.2", "", { "os": "linux", "cpu": "x64" }, "sha512-QInHERlqpTTZ4FRB0fROQWXcYRD64lAoiegezDunLpalZMjcUcld3YzZmVJ2H/Cp0wJRZ8Xtjtj0cEHhYc/uUg=="],

    "@esbuild/netbsd-arm64": ["@esbuild/netbsd-arm64@0.25.2", "", { "os": "none", "cpu": "arm64" }, "sha512-talAIBoY5M8vHc6EeI2WW9d/CkiO9MQJ0IOWX8hrLhxGbro/vBXJvaQXefW2cP0z0nQVTdQ/eNyGFV1GSKrxfw=="],

    "@esbuild/netbsd-x64": ["@esbuild/netbsd-x64@0.25.2", "", { "os": "none", "cpu": "x64" }, "sha512-voZT9Z+tpOxrvfKFyfDYPc4DO4rk06qamv1a/fkuzHpiVBMOhpjK+vBmWM8J1eiB3OLSMFYNaOaBNLXGChf5tg=="],

    "@esbuild/openbsd-arm64": ["@esbuild/openbsd-arm64@0.25.2", "", { "os": "openbsd", "cpu": "arm64" }, "sha512-dcXYOC6NXOqcykeDlwId9kB6OkPUxOEqU+rkrYVqJbK2hagWOMrsTGsMr8+rW02M+d5Op5NNlgMmjzecaRf7Tg=="],

    "@esbuild/openbsd-x64": ["@esbuild/openbsd-x64@0.25.2", "", { "os": "openbsd", "cpu": "x64" }, "sha512-t/TkWwahkH0Tsgoq1Ju7QfgGhArkGLkF1uYz8nQS/PPFlXbP5YgRpqQR3ARRiC2iXoLTWFxc6DJMSK10dVXluw=="],

    "@esbuild/sunos-x64": ["@esbuild/sunos-x64@0.25.2", "", { "os": "sunos", "cpu": "x64" }, "sha512-cfZH1co2+imVdWCjd+D1gf9NjkchVhhdpgb1q5y6Hcv9TP6Zi9ZG/beI3ig8TvwT9lH9dlxLq5MQBBgwuj4xvA=="],

    "@esbuild/win32-arm64": ["@esbuild/win32-arm64@0.25.2", "", { "os": "win32", "cpu": "arm64" }, "sha512-7Loyjh+D/Nx/sOTzV8vfbB3GJuHdOQyrOryFdZvPHLf42Tk9ivBU5Aedi7iyX+x6rbn2Mh68T4qq1SDqJBQO5Q=="],

    "@esbuild/win32-ia32": ["@esbuild/win32-ia32@0.25.2", "", { "os": "win32", "cpu": "ia32" }, "sha512-WRJgsz9un0nqZJ4MfhabxaD9Ft8KioqU3JMinOTvobbX6MOSUigSBlogP8QB3uxpJDsFS6yN+3FDBdqE5lg9kg=="],

    "@esbuild/win32-x64": ["@esbuild/win32-x64@0.25.2", "", { "os": "win32", "cpu": "x64" }, "sha512-kM3HKb16VIXZyIeVrM1ygYmZBKybX8N4p754bw390wGO3Tf2j4L2/WYL+4suWujpgf6GBYs3jv7TyUivdd05JA=="],

    "@isaacs/cliui": ["@isaacs/cliui@8.0.2", "", { "dependencies": { "string-width": "^5.1.2", "string-width-cjs": "npm:string-width@^4.2.0", "strip-ansi": "^7.0.1", "strip-ansi-cjs": "npm:strip-ansi@^6.0.1", "wrap-ansi": "^8.1.0", "wrap-ansi-cjs": "npm:wrap-ansi@^7.0.0" } }, "sha512-O8jcjabXaleOG9DQ0+ARXWZBTfnP4WNAqzuiJK7ll44AmxGKv/J2M4TPjxjY3znBCfvBXFzucm1twdyFybFqEA=="],

    "@types/bun": ["@types/bun@1.2.8", "", { "dependencies": { "bun-types": "1.2.7" } }, "sha512-t8L1RvJVUghW5V+M/fL3Thbxcs0HwNsXsnTEBEfEVqGteiJToOlZ/fyOEaR1kZsNqnu+3XA4RI/qmnX4w6+S+w=="],

    "@types/chalk": ["@types/chalk@2.2.4", "", { "dependencies": { "chalk": "*" } }, "sha512-pb/QoGqtCpH2famSp72qEsXkNzcErlVmiXlQ/ww+5AddD8TmmYS7EWg5T20YiNCAiTgs8pMf2G8SJG5h/ER1ZQ=="],

    "@types/node": ["@types/node@22.13.17", "", { "dependencies": { "undici-types": "~6.20.0" } }, "sha512-nAJuQXoyPj04uLgu+obZcSmsfOenUg6DxPKogeUy6yNCFwWaj5sBF8/G/pNo8EtBJjAfSVgfIlugR/BCOleO+g=="],

    "@types/ws": ["@types/ws@8.18.1", "", { "dependencies": { "@types/node": "*" } }, "sha512-ThVF6DCVhA8kUGy+aazFQ4kXQ7E1Ty7A3ypFOe0IcJV8O/M511G99AW24irKrW56Wt44yG9+ij8FaqoBGkuBXg=="],

    "@typesec/cli": ["@typesec/cli@workspace:packages/cli"],

    "@typesec/core": ["@typesec/core@workspace:packages/core"],

    "@typesec/serve": ["@typesec/serve@workspace:packages/serve"],

    "@typesec/spec": ["@typesec/spec@workspace:packages/spec"],

    "@typesec/specc": ["@typesec/specc@workspace:packages/specc"],

    "@typesec/specd": ["@typesec/specd@workspace:packages/specd"],

    "@typesec/the": ["@typesec/the@workspace:packages/the"],

    "@typesec/tracer": ["@typesec/tracer@workspace:packages/tracer"],

    "@typesec/unit": ["@typesec/unit@workspace:packages/unit"],

    "ansi-regex": ["ansi-regex@6.1.0", "", {}, "sha512-7HSX4QQb4CspciLpVFwyRe79O3xsIZDDLER21kERQ71oaPodF8jL725AgJMFAYbooIqolJoRLuM81SpeUkpkvA=="],

    "ansi-styles": ["ansi-styles@6.2.1", "", {}, "sha512-bN798gFfQX+viw3R7yrGWRqnrN2oRkEkUjjl4JNn4E8GxxbjtG3FbrEIIY3l8/hrwUwIeCZvi4QuOTP4MErVug=="],

    "balanced-match": ["balanced-match@1.0.2", "", {}, "sha512-3oSeUO0TMV67hN1AmbXsK4yaqU7tjiHlbxRDZOpH0KW9+CeX4bRAaX0Anxt0tx2MrpRpWwQaPwIlISEJhYU5Pw=="],

    "brace-expansion": ["brace-expansion@2.0.1", "", { "dependencies": { "balanced-match": "^1.0.0" } }, "sha512-XnAIvQ8eM+kC6aULx6wuQiwVsnzsi9d3WxzV3FpWTGA19F621kwdbsAcFKXgKUHZWsy+mY6iL1sHTxWEFCytDA=="],

    "bun-types": ["bun-types@1.2.9-canary.20250401T140709", "", { "dependencies": { "@types/node": "*", "@types/ws": "*" } }, "sha512-LeC50s6oniLn8Vb5xAGAiLnT7P6+c3rl5yaD69Dag9oqD95IFmvLlLFXC2BPfs9iaSdGz03/U1FJcZ0TUGrC1g=="],

    "chalk": ["chalk@5.4.1", "", {}, "sha512-zgVZuo2WcZgfUEmsn6eO3kINexW8RAE4maiQ8QNs8CtpPCSyMiYsULR3HQYkm3w8FIA3SberyMJMSldGsW+U3w=="],

    "color-convert": ["color-convert@2.0.1", "", { "dependencies": { "color-name": "~1.1.4" } }, "sha512-RRECPsj7iu/xb5oKYcsFHSppFNnsj/52OVTRKb4zP5onXwVF3zVmmToNcOfGC+CRDpfK/U584fMg38ZHCaElKQ=="],

    "color-name": ["color-name@1.1.4", "", {}, "sha512-dOy+3AuW3a2wNbZHIuMZpTcgjGuLU/uBL/ubcZF9OXbDo8ff4O8yVp5Bf0efS8uEoYo5q4Fx7dY9OgQGXgAsQA=="],

    "commander": ["commander@13.1.0", "", {}, "sha512-/rFeCpNJQbhSZjGVwO9RFV3xPqbnERS8MmIQzCtD/zl6gpJuV/bMLuN92oG3F7d8oDEHHRrujSXNUr8fpjntKw=="],

    "cross-spawn": ["cross-spawn@7.0.6", "", { "dependencies": { "path-key": "^3.1.0", "shebang-command": "^2.0.0", "which": "^2.0.1" } }, "sha512-uV2QOWP2nWzsy2aMp8aRibhi9dlzF5Hgh5SHaB9OiTGEyDTiJJyx0uy51QXdyWbtAHNua4XJzUKca3OzKUd3vA=="],

    "eastasianwidth": ["eastasianwidth@0.2.0", "", {}, "sha512-I88TYZWc9XiYHRQ4/3c5rjjfgkjhLyW2luGIheGERbNQ6OY7yTybanSpDXZa8y7VUP9YmDcYa+eyq4ca7iLqWA=="],

    "emoji-regex": ["emoji-regex@9.2.2", "", {}, "sha512-L18DaJsXSUk2+42pv8mLs5jJT2hqFkFE4j21wOmgbUqsZ2hL72NsUU785g9RXgo3s0ZNgVl42TiHp3ZtOv/Vyg=="],

    "esbuild": ["esbuild@0.25.2", "", { "optionalDependencies": { "@esbuild/aix-ppc64": "0.25.2", "@esbuild/android-arm": "0.25.2", "@esbuild/android-arm64": "0.25.2", "@esbuild/android-x64": "0.25.2", "@esbuild/darwin-arm64": "0.25.2", "@esbuild/darwin-x64": "0.25.2", "@esbuild/freebsd-arm64": "0.25.2", "@esbuild/freebsd-x64": "0.25.2", "@esbuild/linux-arm": "0.25.2", "@esbuild/linux-arm64": "0.25.2", "@esbuild/linux-ia32": "0.25.2", "@esbuild/linux-loong64": "0.25.2", "@esbuild/linux-mips64el": "0.25.2", "@esbuild/linux-ppc64": "0.25.2", "@esbuild/linux-riscv64": "0.25.2", "@esbuild/linux-s390x": "0.25.2", "@esbuild/linux-x64": "0.25.2", "@esbuild/netbsd-arm64": "0.25.2", "@esbuild/netbsd-x64": "0.25.2", "@esbuild/openbsd-arm64": "0.25.2", "@esbuild/openbsd-x64": "0.25.2", "@esbuild/sunos-x64": "0.25.2", "@esbuild/win32-arm64": "0.25.2", "@esbuild/win32-ia32": "0.25.2", "@esbuild/win32-x64": "0.25.2" }, "bin": { "esbuild": "bin/esbuild" } }, "sha512-16854zccKPnC+toMywC+uKNeYSv+/eXkevRAfwRD/G9Cleq66m8XFIrigkbvauLLlCfDL45Q2cWegSg53gGBnQ=="],

    "foreground-child": ["foreground-child@3.3.1", "", { "dependencies": { "cross-spawn": "^7.0.6", "signal-exit": "^4.0.1" } }, "sha512-gIXjKqtFuWEgzFRJA9WCQeSJLZDjgJUOMCMzxtvFq/37KojM1BFGufqsCy0r4qSQmYLsZYMeyRqzIWOMup03sw=="],

    "fsevents": ["fsevents@2.3.3", "", { "os": "darwin" }, "sha512-5xoDfX+fL7faATnagmWPpbFtwh/R77WmMMqqHGS65C3vvB0YHrgF+B1YmZ3441tMj5n63k0212XNoJwzlhffQw=="],

    "get-tsconfig": ["get-tsconfig@4.10.0", "", { "dependencies": { "resolve-pkg-maps": "^1.0.0" } }, "sha512-kGzZ3LWWQcGIAmg6iWvXn0ei6WDtV26wzHRMwDSzmAbcXrTEXxHy6IehI6/4eT6VRKyMP1eF1VqwrVUmE/LR7A=="],

    "glob": ["glob@11.0.1", "", { "dependencies": { "foreground-child": "^3.1.0", "jackspeak": "^4.0.1", "minimatch": "^10.0.0", "minipass": "^7.1.2", "package-json-from-dist": "^1.0.0", "path-scurry": "^2.0.0" }, "bin": { "glob": "dist/esm/bin.mjs" } }, "sha512-zrQDm8XPnYEKawJScsnM0QzobJxlT/kHOOlRTio8IH/GrmxRE5fjllkzdaHclIuNjUQTJYH2xHNIGfdpJkDJUw=="],

    "is-fullwidth-code-point": ["is-fullwidth-code-point@3.0.0", "", {}, "sha512-zymm5+u+sCsSWyD9qNaejV3DFvhCKclKdizYaJUuHA83RLjb7nSuGnddCHGv0hk+KY7BMAlsWeK4Ueg6EV6XQg=="],

    "isexe": ["isexe@2.0.0", "", {}, "sha512-RHxMLp9lnKHGHRng9QFhRCMbYAcVpn69smSGcq3f36xjgVVWThj4qqLbTLlq7Ssj8B+fIQ1EuCEGI2lKsyQeIw=="],

    "jackspeak": ["jackspeak@4.1.0", "", { "dependencies": { "@isaacs/cliui": "^8.0.2" } }, "sha512-9DDdhb5j6cpeitCbvLO7n7J4IxnbM6hoF6O1g4HQ5TfhvvKN8ywDM7668ZhMHRqVmxqhps/F6syWK2KcPxYlkw=="],

    "lru-cache": ["lru-cache@11.1.0", "", {}, "sha512-QIXZUBJUx+2zHUdQujWejBkcD9+cs94tLn0+YL8UrCh+D5sCXZ4c7LaEH48pNwRY3MLDgqUFyhlCyjJPf1WP0A=="],

    "minimatch": ["minimatch@10.0.1", "", { "dependencies": { "brace-expansion": "^2.0.1" } }, "sha512-ethXTt3SGGR+95gudmqJ1eNhRO7eGEGIgYA9vnPatK4/etz2MEVDno5GMCibdMTuBMyElzIlgxMna3K94XDIDQ=="],

    "minipass": ["minipass@7.1.2", "", {}, "sha512-qOOzS1cBTWYF4BH8fVePDBOO9iptMnGUEZwNc/cMWnTV2nVLZ7VoNWEPHkYczZA0pdoA7dl6e7FL659nX9S2aw=="],

    "package-json-from-dist": ["package-json-from-dist@1.0.1", "", {}, "sha512-UEZIS3/by4OC8vL3P2dTXRETpebLI2NiI5vIrjaD/5UtrkFX/tNbwjTSRAGC/+7CAo2pIcBaRgWmcBBHcsaCIw=="],

    "path-key": ["path-key@3.1.1", "", {}, "sha512-ojmeN0qd+y0jszEtoY48r0Peq5dwMEkIlCOu6Q5f41lfkswXuKtYrhgoTpLnyIcHm24Uhqx+5Tqm2InSwLhE6Q=="],

    "path-scurry": ["path-scurry@2.0.0", "", { "dependencies": { "lru-cache": "^11.0.0", "minipass": "^7.1.2" } }, "sha512-ypGJsmGtdXUOeM5u93TyeIEfEhM6s+ljAhrk5vAvSx8uyY/02OvrZnA0YNGUrPXfpJMgI1ODd3nwz8Npx4O4cg=="],

    "prettier": ["prettier@3.5.3", "", { "bin": { "prettier": "bin/prettier.cjs" } }, "sha512-QQtaxnoDJeAkDvDKWCLiwIXkTgRhwYDEQCghU9Z6q03iyek/rxRh/2lC3HB7P8sWT2xC/y5JDctPLBIGzHKbhw=="],

    "radash": ["radash@12.1.0", "", {}, "sha512-b0Zcf09AhqKS83btmUeYBS8tFK7XL2e3RvLmZcm0sTdF1/UUlHSsjXdCcWNxe7yfmAlPve5ym0DmKGtTzP6kVQ=="],

    "resolve-pkg-maps": ["resolve-pkg-maps@1.0.0", "", {}, "sha512-seS2Tj26TBVOC2NIc2rOe2y2ZO7efxITtLZcGSOnHHNOQ7CkiUBfw0Iw2ck6xkIhPwLhKNLS8BO+hEpngQlqzw=="],

    "rimraf": ["rimraf@6.0.1", "", { "dependencies": { "glob": "^11.0.0", "package-json-from-dist": "^1.0.0" }, "bin": { "rimraf": "dist/esm/bin.mjs" } }, "sha512-9dkvaxAsk/xNXSJzMgFqqMCuFgt2+KsOFek3TMLfo8NCPfWpBmqwyNn5Y+NX56QUYfCtsyhF3ayiboEoUmJk/A=="],

    "shebang-command": ["shebang-command@2.0.0", "", { "dependencies": { "shebang-regex": "^3.0.0" } }, "sha512-kHxr2zZpYtdmrN1qDjrrX/Z1rR1kG8Dx+gkpK1G4eXmvXswmcE1hTWBWYUzlraYw1/yZp6YuDY77YtvbN0dmDA=="],

    "shebang-regex": ["shebang-regex@3.0.0", "", {}, "sha512-7++dFhtcx3353uBaq8DDR4NuxBetBzC7ZQOhmTQInHEd6bSrXdiEyzCvG07Z44UYdLShWUyXt5M/yhz8ekcb1A=="],

    "signal-exit": ["signal-exit@4.1.0", "", {}, "sha512-bzyZ1e88w9O1iNJbKnOlvYTrWPDl46O1bG0D3XInv+9tkPrxrN8jUUTiFlDkkmKWgn1M6CfIA13SuGqOa9Korw=="],

    "string-width": ["string-width@5.1.2", "", { "dependencies": { "eastasianwidth": "^0.2.0", "emoji-regex": "^9.2.2", "strip-ansi": "^7.0.1" } }, "sha512-HnLOCR3vjcY8beoNLtcjZ5/nxn2afmME6lhrDrebokqMap+XbeW8n9TXpPDOqdGK5qcI3oT0GKTW6wC7EMiVqA=="],

    "string-width-cjs": ["string-width@4.2.3", "", { "dependencies": { "emoji-regex": "^8.0.0", "is-fullwidth-code-point": "^3.0.0", "strip-ansi": "^6.0.1" } }, "sha512-wKyQRQpjJ0sIp62ErSZdGsjMJWsap5oRNihHhu6G7JVO/9jIB6UyevL+tXuOqrng8j/cxKTWyWUwvSTriiZz/g=="],

    "strip-ansi": ["strip-ansi@7.1.0", "", { "dependencies": { "ansi-regex": "^6.0.1" } }, "sha512-iq6eVVI64nQQTRYq2KtEg2d2uU7LElhTJwsH4YzIHZshxlgZms/wIc4VoDQTlG/IvVIrBKG06CrZnp0qv7hkcQ=="],

    "strip-ansi-cjs": ["strip-ansi@6.0.1", "", { "dependencies": { "ansi-regex": "^5.0.1" } }, "sha512-Y38VPSHcqkFrCpFnQ9vuSXmquuv5oXOKpGeT6aGrr3o3Gc9AlVa6JBfUSOCnbxGGZF+/0ooI7KrPuUSztUdU5A=="],

    "tsx": ["tsx@4.19.3", "", { "dependencies": { "esbuild": "~0.25.0", "get-tsconfig": "^4.7.5" }, "optionalDependencies": { "fsevents": "~2.3.3" }, "bin": { "tsx": "dist/cli.mjs" } }, "sha512-4H8vUNGNjQ4V2EOoGw005+c+dGuPSnhpPBPHBtsZdGZBk/iJb4kguGlPWaZTZ3q5nMtFOEsY0nRDlh9PJyd6SQ=="],

    "typescript": ["typescript@5.8.3", "", { "bin": { "tsc": "bin/tsc", "tsserver": "bin/tsserver" } }, "sha512-p1diW6TqL9L07nNxvRMM7hMMw4c5XOo/1ibL4aAIGmSAt9slTE1Xgw5KWuof2uTOvCg9BY7ZRi+GaF+7sfgPeQ=="],

    "undici-types": ["undici-types@6.20.0", "", {}, "sha512-Ny6QZ2Nju20vw1SRHe3d9jVu6gJ+4e3+MMpqu7pqE5HT6WsTSlce++GQmK5UXS8mzV8DSYHrQH+Xrf2jVcuKNg=="],

    "valibot": ["valibot@1.0.0", "", { "peerDependencies": { "typescript": ">=5" }, "optionalPeers": ["typescript"] }, "sha512-1Hc0ihzWxBar6NGeZv7fPLY0QuxFMyxwYR2sF1Blu7Wq7EnremwY2W02tit2ij2VJT8HcSkHAQqmFfl77f73Yw=="],

    "which": ["which@2.0.2", "", { "dependencies": { "isexe": "^2.0.0" }, "bin": { "node-which": "./bin/node-which" } }, "sha512-BLI3Tl1TW3Pvl70l3yq3Y64i+awpwXqsGBYWkkqMtnbXgrMD+yj7rhW0kuEDxzJaYXGjEW5ogapKNMEKNMjibA=="],

    "wrap-ansi": ["wrap-ansi@8.1.0", "", { "dependencies": { "ansi-styles": "^6.1.0", "string-width": "^5.0.1", "strip-ansi": "^7.0.1" } }, "sha512-si7QWI6zUMq56bESFvagtmzMdGOtoxfR+Sez11Mobfc7tm+VkUckk9bW2UeffTGVUbOksxmSw0AA2gs8g71NCQ=="],

    "wrap-ansi-cjs": ["wrap-ansi@7.0.0", "", { "dependencies": { "ansi-styles": "^4.0.0", "string-width": "^4.1.0", "strip-ansi": "^6.0.0" } }, "sha512-YVGIj2kamLSTxw6NsZjoBxfSwsn0ycdesmc4p+Q21c5zPuZ1pl+NfxVdxPtdHvmNVOQ6XSYG4AUtyt/Fi7D16Q=="],

    "string-width-cjs/emoji-regex": ["emoji-regex@8.0.0", "", {}, "sha512-MSjYzcWNOA0ewAHpz0MxpYFvwg6yjy1NG3xteoqz644VCo/RPgnr1/GGt+ic3iJTzQ8Eu3TdM14SawnVUmGE6A=="],

    "string-width-cjs/strip-ansi": ["strip-ansi@6.0.1", "", { "dependencies": { "ansi-regex": "^5.0.1" } }, "sha512-Y38VPSHcqkFrCpFnQ9vuSXmquuv5oXOKpGeT6aGrr3o3Gc9AlVa6JBfUSOCnbxGGZF+/0ooI7KrPuUSztUdU5A=="],

    "strip-ansi-cjs/ansi-regex": ["ansi-regex@5.0.1", "", {}, "sha512-quJQXlTSUGL2LH9SUXo8VwsY4soanhgo6LNSm84E1LBcE8s3O0wpdiRzyR9z/ZZJMlMWv37qOOb9pdJlMUEKFQ=="],

    "wrap-ansi-cjs/ansi-styles": ["ansi-styles@4.3.0", "", { "dependencies": { "color-convert": "^2.0.1" } }, "sha512-zbB9rCJAT1rbjiVDb2hqKFHNYLxgtk8NURxZ3IZwD3F6NtxbXZQCnnSi1Lkx+IDohdPlFp222wVALIheZJQSEg=="],

    "wrap-ansi-cjs/string-width": ["string-width@4.2.3", "", { "dependencies": { "emoji-regex": "^8.0.0", "is-fullwidth-code-point": "^3.0.0", "strip-ansi": "^6.0.1" } }, "sha512-wKyQRQpjJ0sIp62ErSZdGsjMJWsap5oRNihHhu6G7JVO/9jIB6UyevL+tXuOqrng8j/cxKTWyWUwvSTriiZz/g=="],

    "wrap-ansi-cjs/strip-ansi": ["strip-ansi@6.0.1", "", { "dependencies": { "ansi-regex": "^5.0.1" } }, "sha512-Y38VPSHcqkFrCpFnQ9vuSXmquuv5oXOKpGeT6aGrr3o3Gc9AlVa6JBfUSOCnbxGGZF+/0ooI7KrPuUSztUdU5A=="],

    "string-width-cjs/strip-ansi/ansi-regex": ["ansi-regex@5.0.1", "", {}, "sha512-quJQXlTSUGL2LH9SUXo8VwsY4soanhgo6LNSm84E1LBcE8s3O0wpdiRzyR9z/ZZJMlMWv37qOOb9pdJlMUEKFQ=="],

    "wrap-ansi-cjs/string-width/emoji-regex": ["emoji-regex@8.0.0", "", {}, "sha512-MSjYzcWNOA0ewAHpz0MxpYFvwg6yjy1NG3xteoqz644VCo/RPgnr1/GGt+ic3iJTzQ8Eu3TdM14SawnVUmGE6A=="],

    "wrap-ansi-cjs/strip-ansi/ansi-regex": ["ansi-regex@5.0.1", "", {}, "sha512-quJQXlTSUGL2LH9SUXo8VwsY4soanhgo6LNSm84E1LBcE8s3O0wpdiRzyR9z/ZZJMlMWv37qOOb9pdJlMUEKFQ=="],
  }
}
